
Microsoft Visual Studio Solution File, Format Version 12.00
# Visual Studio Version 17
VisualStudioVersion = 17.4.33213.308
MinimumVisualStudioVersion = 10.0.40219.1
Project("{9A19103F-16F7-4668-BE54-9A1E7A4F7556}") = "Sytner.Utilities", "Sytner.Utilities\Sytner.Utilities.csproj", "{BC07DEAB-68FA-4E61-8990-B68FEED61D37}"
EndProject
Project("{9A19103F-16F7-4668-BE54-9A1E7A4F7556}") = "Sytner.InterviewApi", "Sytner.InterviewApi\Sytner.InterviewApi.csproj", "{1501DA93-2871-4575-8499-8BECF6F8ABB3}"
EndProject
Project("{2150E333-8FDC-42A3-9474-1A3956D46DE8}") = "Solution Items", "Solution Items", "{54378555-46B4-436B-A7B9-82C4D99571E4}"
	ProjectSection(SolutionItems) = preProject
		..\README.md = ..\README.md
	EndProjectSection
EndProject
Project("{9A19103F-16F7-4668-BE54-9A1E7A4F7556}") = "Synter.InterviewApi.Domain", "Synter.InterviewApi.Domain\Synter.InterviewApi.Domain.csproj", "{22B6EDC1-6BA1-4FD9-91DB-AF7F07A76C7A}"
EndProject
Project("{9A19103F-16F7-4668-BE54-9A1E7A4F7556}") = "Synter.InterviewApi.Application", "Synter.InterviewApi.Application\Synter.InterviewApi.Application.csproj", "{02D920C9-19C4-4505-A872-62F3F835C968}"
EndProject
Project("{9A19103F-16F7-4668-BE54-9A1E7A4F7556}") = "Synter.InterviewApi.Infrastructure", "Synter.InterviewApi.Infrastructure\Synter.InterviewApi.Infrastructure.csproj", "{11DD234D-F5AC-4F41-8393-4C22645A0E5A}"
EndProject
Project("{00D1A9C2-B5F0-4AF3-8072-F6C62B433612}") = "Synter.InterviewApi.Database", "Synter.InterviewApi.Database\Synter.InterviewApi.Database.sqlproj", "{999DF81C-08A4-4F36-B957-54D8C06BE739}"
EndProject
Project("{FAE04EC0-301F-11D3-BF4B-00C04F79EFBC}") = "Synter.InterviewApi.UnitTests", "Synter.InterviewApi.UnitTests\Synter.InterviewApi.UnitTests.csproj", "{BC3A6FE8-3EC9-49CF-B328-93C0E33D9E64}"
EndProject
Global
	GlobalSection(SolutionConfigurationPlatforms) = preSolution
		Debug|Any CPU = Debug|Any CPU
		Release|Any CPU = Release|Any CPU
	EndGlobalSection
	GlobalSection(ProjectConfigurationPlatforms) = postSolution
		{BC07DEAB-68FA-4E61-8990-B68FEED61D37}.Debug|Any CPU.ActiveCfg = Debug|Any CPU
		{BC07DEAB-68FA-4E61-8990-B68FEED61D37}.Debug|Any CPU.Build.0 = Debug|Any CPU
		{BC07DEAB-68FA-4E61-8990-B68FEED61D37}.Release|Any CPU.ActiveCfg = Release|Any CPU
		{BC07DEAB-68FA-4E61-8990-B68FEED61D37}.Release|Any CPU.Build.0 = Release|Any CPU
		{1501DA93-2871-4575-8499-8BECF6F8ABB3}.Debug|Any CPU.ActiveCfg = Debug|Any CPU
		{1501DA93-2871-4575-8499-8BECF6F8ABB3}.Debug|Any CPU.Build.0 = Debug|Any CPU
		{1501DA93-2871-4575-8499-8BECF6F8ABB3}.Release|Any CPU.ActiveCfg = Release|Any CPU
		{1501DA93-2871-4575-8499-8BECF6F8ABB3}.Release|Any CPU.Build.0 = Release|Any CPU
		{22B6EDC1-6BA1-4FD9-91DB-AF7F07A76C7A}.Debug|Any CPU.ActiveCfg = Debug|Any CPU
		{22B6EDC1-6BA1-4FD9-91DB-AF7F07A76C7A}.Debug|Any CPU.Build.0 = Debug|Any CPU
		{22B6EDC1-6BA1-4FD9-91DB-AF7F07A76C7A}.Release|Any CPU.ActiveCfg = Release|Any CPU
		{22B6EDC1-6BA1-4FD9-91DB-AF7F07A76C7A}.Release|Any CPU.Build.0 = Release|Any CPU
		{02D920C9-19C4-4505-A872-62F3F835C968}.Debug|Any CPU.ActiveCfg = Debug|Any CPU
		{02D920C9-19C4-4505-A872-62F3F835C968}.Debug|Any CPU.Build.0 = Debug|Any CPU
		{02D920C9-19C4-4505-A872-62F3F835C968}.Release|Any CPU.ActiveCfg = Release|Any CPU
		{02D920C9-19C4-4505-A872-62F3F835C968}.Release|Any CPU.Build.0 = Release|Any CPU
		{11DD234D-F5AC-4F41-8393-4C22645A0E5A}.Debug|Any CPU.ActiveCfg = Debug|Any CPU
		{11DD234D-F5AC-4F41-8393-4C22645A0E5A}.Debug|Any CPU.Build.0 = Debug|Any CPU
		{11DD234D-F5AC-4F41-8393-4C22645A0E5A}.Release|Any CPU.ActiveCfg = Release|Any CPU
		{11DD234D-F5AC-4F41-8393-4C22645A0E5A}.Release|Any CPU.Build.0 = Release|Any CPU
		{999DF81C-08A4-4F36-B957-54D8C06BE739}.Debug|Any CPU.ActiveCfg = Debug|Any CPU
		{999DF81C-08A4-4F36-B957-54D8C06BE739}.Debug|Any CPU.Build.0 = Debug|Any CPU
		{999DF81C-08A4-4F36-B957-54D8C06BE739}.Debug|Any CPU.Deploy.0 = Debug|Any CPU
		{999DF81C-08A4-4F36-B957-54D8C06BE739}.Release|Any CPU.ActiveCfg = Release|Any CPU
		{999DF81C-08A4-4F36-B957-54D8C06BE739}.Release|Any CPU.Build.0 = Release|Any CPU
		{999DF81C-08A4-4F36-B957-54D8C06BE739}.Release|Any CPU.Deploy.0 = Release|Any CPU
		{BC3A6FE8-3EC9-49CF-B328-93C0E33D9E64}.Debug|Any CPU.ActiveCfg = Debug|Any CPU
		{BC3A6FE8-3EC9-49CF-B328-93C0E33D9E64}.Debug|Any CPU.Build.0 = Debug|Any CPU
		{BC3A6FE8-3EC9-49CF-B328-93C0E33D9E64}.Release|Any CPU.ActiveCfg = Release|Any CPU
		{BC3A6FE8-3EC9-49CF-B328-93C0E33D9E64}.Release|Any CPU.Build.0 = Release|Any CPU
	EndGlobalSection
	GlobalSection(SolutionProperties) = preSolution
		HideSolutionNode = FALSE
	EndGlobalSection
	GlobalSection(ExtensibilityGlobals) = postSolution
		SolutionGuid = {91D2463D-2237-4336-9059-DAF67D045B1D}
	EndGlobalSection
EndGlobal
